{
  "version": "2",
  "remote": {
    "https://deno.land/std@0.164.0/fs/eol.ts": "65b1e27320c3eec6fb653b27e20056ee3d015d3e91db388cfefa41616ebc7cb3",
    "https://esm.sh/v96/@types/lodash-es@4.17.6/add.d.ts": "db96e0d0c2476bae7cc7353f265b3d91fe38992d502fff07b4160300a3e8e084",
    "https://esm.sh/v96/@types/lodash-es@4.17.6/after.d.ts": "bf5f5e04e138373b8c85a01438624f95c160523526c091afe4c107f79218b463",
    "https://esm.sh/v96/@types/lodash-es@4.17.6/ary.d.ts": "13f47a8a88d24119f8b45546fe067234a7f39495b1254ff0a856f7037132d20a",
    "https://esm.sh/v96/@types/lodash-es@4.17.6/assign.d.ts": "21294bfb2dfe3c972d8db053048a083aaa9d08654c174e11c53619108a50371b",
    "https://esm.sh/v96/@types/lodash-es@4.17.6/assignIn.d.ts": "c44614279b221a79f937728f2fb31f8f0e10a556d3b2a7fb1063cfbd55f4505c",
    "https://esm.sh/v96/@types/lodash-es@4.17.6/assignInWith.d.ts": "8122d0573171eee1717ffa60db4e895a0d3914e6e7dab518be789208c1ad79ee",
    "https://esm.sh/v96/@types/lodash-es@4.17.6/assignWith.d.ts": "aaa0cb3c766edd4ffd25d33a6adac19277c538d8fe24656bb684d1d703967ef1",
    "https://esm.sh/v96/@types/lodash-es@4.17.6/at.d.ts": "30760fcc6c7201df0cfd99c5e2ff58902bafc4c648764e5efd74e6f819f97e04",
    "https://esm.sh/v96/@types/lodash-es@4.17.6/attempt.d.ts": "dbc1c7de812126ffdd0ce08c4429e88d07f9ba8c587fb7f45d73bc966a5f3519",
    "https://esm.sh/v96/@types/lodash-es@4.17.6/before.d.ts": "cacda62b522d02ce5219d895a81229c10c3ec45aaa5a6ad499d4692642b86812",
    "https://esm.sh/v96/@types/lodash-es@4.17.6/bind.d.ts": "0a6d63f2c7fd0f12b20315e24d33c631ac9cb0b3b619f6a82f55edf7c826e489",
    "https://esm.sh/v96/@types/lodash-es@4.17.6/bindAll.d.ts": "4b88fbe4afe486cf71bf62fede5c4dc39656154f925a37979959c975a0a0eeee",
    "https://esm.sh/v96/@types/lodash-es@4.17.6/bindKey.d.ts": "e4460ebad52742f8ca36e7a70ea5be4d7bad59e8c62190bf7cbcb20511fca86a",
    "https://esm.sh/v96/@types/lodash-es@4.17.6/camelCase.d.ts": "7c958e144f5c672ede78667c32388317eab008308beb6d011518af5aab62f2a5",
    "https://esm.sh/v96/@types/lodash-es@4.17.6/capitalize.d.ts": "2fbf76966121d8f8c42427e6dfddafa65f121363aa7b5868c71dab0205255b9b",
    "https://esm.sh/v96/@types/lodash-es@4.17.6/castArray.d.ts": "dcc4b8efe73de6f7476ba8b030c52e9b0759c672ae1df9fee4cf5d6dcd1ceba4",
    "https://esm.sh/v96/@types/lodash-es@4.17.6/ceil.d.ts": "f26039035138a844dad07cea8a1167069b241d2cb5f42ef03192fcd5169f5911",
    "https://esm.sh/v96/@types/lodash-es@4.17.6/chain.d.ts": "f140c5f018f1c83b70a78e97f0acd0a12f0966f03b885710869fa0b441454ee6",
    "https://esm.sh/v96/@types/lodash-es@4.17.6/chunk.d.ts": "417aa32a8efa69df02f43fda210df5aa9aad60deff0c4c257e62809e2ab946ae",
    "https://esm.sh/v96/@types/lodash-es@4.17.6/clamp.d.ts": "080f1faebb067462356bc6abe1d69034ba27319295b5ecdb0d8644ef0dbab262",
    "https://esm.sh/v96/@types/lodash-es@4.17.6/clone.d.ts": "7237a9c86d072252d82181f6482b401eb39b72b41d496bf6ac03f9cb24d5c67c",
    "https://esm.sh/v96/@types/lodash-es@4.17.6/cloneDeep.d.ts": "bfc9c0c863dbd1cc6cc268d91556603a692dcbd1b5100bebf3884c9054923950",
    "https://esm.sh/v96/@types/lodash-es@4.17.6/cloneDeepWith.d.ts": "39b2c08caf587ccd1f67bac3c887d4f36c9743a0e7f2bd02b5e55edf34b69be1",
    "https://esm.sh/v96/@types/lodash-es@4.17.6/cloneWith.d.ts": "b4fcb005c9a26884d4b3660159912d10f3fb3151687173cc8e7361c0ceb697cf",
    "https://esm.sh/v96/@types/lodash-es@4.17.6/compact.d.ts": "7ced37c0642afc489bb705707f5c1453facc8b145f9834b78b021a2531a8c0db",
    "https://esm.sh/v96/@types/lodash-es@4.17.6/concat.d.ts": "17ea599a0f3407de63ce2a9accd4dc691ba50baa73a1ca0ad83fc9b88f845f74",
    "https://esm.sh/v96/@types/lodash-es@4.17.6/cond.d.ts": "795cecac8201e2bfcfc0d8aadf2b750a2b625ff34de23d530020656246b99448",
    "https://esm.sh/v96/@types/lodash-es@4.17.6/conforms.d.ts": "4108d1207b7b715051bb186d90be8c1594947eb27241c620a508ed593251ebba",
    "https://esm.sh/v96/@types/lodash-es@4.17.6/conformsTo.d.ts": "6a78a40f71c4d389e6c4cc824d8db364886f6a80202ab2e15c0e2d07d76bf6e7",
    "https://esm.sh/v96/@types/lodash-es@4.17.6/constant.d.ts": "918471a33270119017d8cc8dffb32e00173228b213078b43bd5ec28e89174ed2",
    "https://esm.sh/v96/@types/lodash-es@4.17.6/countBy.d.ts": "6b9455c5cf2fb2e8eb4e77a2bd4a1ccf70f50a05810dde10fe88594c1c0dc400",
    "https://esm.sh/v96/@types/lodash-es@4.17.6/create.d.ts": "71876e087981f85e3b89b26b4d2ce82782cde7956c0b73612b0b3ef18b480a0b",
    "https://esm.sh/v96/@types/lodash-es@4.17.6/curry.d.ts": "0bbdbe41917c19d72cedf2da7ae6c6855873c75d79f988a3d78e679ffc1b7e69",
    "https://esm.sh/v96/@types/lodash-es@4.17.6/curryRight.d.ts": "e729994c02112eff22e9b1a2eb97ff207a6e6c1e62f84dba71930ad9e7348eab",
    "https://esm.sh/v96/@types/lodash-es@4.17.6/debounce.d.ts": "3fa1c4e2b3236718adddec6a5c528eb4078aa7c91dc4a05852df38114f55931b",
    "https://esm.sh/v96/@types/lodash-es@4.17.6/deburr.d.ts": "cf2c72466c7c8a6900ec31d8b3976590408bab6b97fa3a6f1c2ba43899be2937",
    "https://esm.sh/v96/@types/lodash-es@4.17.6/defaultTo.d.ts": "a485f8a32e51944dbf9110ad6fc1ff7a929035814360e15ec71394758a35bbad",
    "https://esm.sh/v96/@types/lodash-es@4.17.6/defaults.d.ts": "4953e52424e457d0edca9985b667fc88d809ee76460dfc1a1482d62475647f38",
    "https://esm.sh/v96/@types/lodash-es@4.17.6/defaultsDeep.d.ts": "9cd3530cf0550608eea4fc1024362f3b979d6239040d669f8e7dca3ce6a4ebe7",
    "https://esm.sh/v96/@types/lodash-es@4.17.6/defer.d.ts": "a7ac3193dfe76508a8a62c0202d18770b1dab27ccc8b45a8717d3c0ba3ea5fbc",
    "https://esm.sh/v96/@types/lodash-es@4.17.6/delay.d.ts": "f5817b8873a0005e1e5a773137fafde554e7c8c2cd7a94414dfaa5c598ba3835",
    "https://esm.sh/v96/@types/lodash-es@4.17.6/difference.d.ts": "a1a80d36294e665c7227682bba0d8d71b9b189fa7103b5291d178ec11e75e3d3",
    "https://esm.sh/v96/@types/lodash-es@4.17.6/differenceBy.d.ts": "0bf0b4f1e34a49c5485924268a2dd159e52f380a5e35ae48a7529c8637478670",
    "https://esm.sh/v96/@types/lodash-es@4.17.6/differenceWith.d.ts": "b9c10df65f4ccecec34664c80df2492a2835d6fd4c90d525089b603feb98dbc0",
    "https://esm.sh/v96/@types/lodash-es@4.17.6/divide.d.ts": "5ad401bd8ef00937680b7fa2a0a205b27308ec191de556ecf2b3887bb46af699",
    "https://esm.sh/v96/@types/lodash-es@4.17.6/drop.d.ts": "e027d245881137e926d94f4b2aa53fe0b9c11da23363dae147a620c3f2daa74d",
    "https://esm.sh/v96/@types/lodash-es@4.17.6/dropRight.d.ts": "f31c9f004dd8111371d787b9bfd4187338162103a15e67a4fbacfd76fb548d51",
    "https://esm.sh/v96/@types/lodash-es@4.17.6/dropRightWhile.d.ts": "a9bc323f441212f115d99a25df9273c1eebcad12a8f45b772a4673c78c4c5662",
    "https://esm.sh/v96/@types/lodash-es@4.17.6/dropWhile.d.ts": "0c6e5934dd1624663c120e0b9c72c7e621a5a0279a701930f07f186c3a9c6c01",
    "https://esm.sh/v96/@types/lodash-es@4.17.6/each.d.ts": "4b261056b63758ec29a2458c0e0f4c5d9aa4b9c23b7c5ee9cf5fc4551077549d",
    "https://esm.sh/v96/@types/lodash-es@4.17.6/eachRight.d.ts": "1eb0cf7841324e71a0915a1ab822cc7c0fcf9ba5d4ac809e589f938a07f0679c",
    "https://esm.sh/v96/@types/lodash-es@4.17.6/endsWith.d.ts": "0a0e0cb7689efc16dc23e49d4f3bc92f0bf29b320b505eee06617c890b6ff3e8",
    "https://esm.sh/v96/@types/lodash-es@4.17.6/entries.d.ts": "852e1ba5ada9a00ebf8c1c49aed59180a246f0525a24ff53448aa22b64b3c4be",
    "https://esm.sh/v96/@types/lodash-es@4.17.6/entriesIn.d.ts": "0ed2b9ebabbc4709246072faa2d88cefc98042d78e9c852db3f4bdb3084c7fb4",
    "https://esm.sh/v96/@types/lodash-es@4.17.6/eq.d.ts": "7e59452b195a23c3c826d6acf8d83c9cd961756ee2c57fc391570510d5256c36",
    "https://esm.sh/v96/@types/lodash-es@4.17.6/escape.d.ts": "d3a238ec4e318dc6307996f4231bfadbe8a3659203ad4692236d23bed86da030",
    "https://esm.sh/v96/@types/lodash-es@4.17.6/escapeRegExp.d.ts": "91877465bc04bd695b8e02bb5ad990cb54305516fa0ab0a88e707fa60ccd1898",
    "https://esm.sh/v96/@types/lodash-es@4.17.6/every.d.ts": "aee5c81c701f46a9a6e07545291968494f1a289bf4c626866f7826fcfd6668f6",
    "https://esm.sh/v96/@types/lodash-es@4.17.6/extend.d.ts": "73c472fa5d51165b9f70244863c0f21fd6f001bb230fffe75e747c65423603eb",
    "https://esm.sh/v96/@types/lodash-es@4.17.6/extendWith.d.ts": "aa90cb5fcd8c4d4b992df475adf7e81def150dba88e9763fcb2d9df3c5db80e3",
    "https://esm.sh/v96/@types/lodash-es@4.17.6/fill.d.ts": "9ae888256ade1b10c7f9fb5ded43ff0465f6a9f3fc20be96c339c362ab93079f",
    "https://esm.sh/v96/@types/lodash-es@4.17.6/filter.d.ts": "978eb5733e73a36f207f058c2028d3860aedf4a08aa7eed89d71c88c1402bb5b",
    "https://esm.sh/v96/@types/lodash-es@4.17.6/find.d.ts": "f97bd451a03c1169cfe209ef2de09595bb3615597e96a112c4eea5a6c5a1d17d",
    "https://esm.sh/v96/@types/lodash-es@4.17.6/findIndex.d.ts": "47c401f67cb6d8a49400b7c832582e6eca17c070e5b51890a2226b11ec989d03",
    "https://esm.sh/v96/@types/lodash-es@4.17.6/findKey.d.ts": "aa239f54d293212ba98777163f455876b0d8a8b95294bd0474fdb32fb548e814",
    "https://esm.sh/v96/@types/lodash-es@4.17.6/findLast.d.ts": "f7e7eb80f766ca21d119afd92ef24963c95a1682e2e17e726f2d1d23f3e7ab21",
    "https://esm.sh/v96/@types/lodash-es@4.17.6/findLastIndex.d.ts": "7dc34fd034f7d175386e7e516ff86b655773f5d4afda40a11f955a9dd6c39646",
    "https://esm.sh/v96/@types/lodash-es@4.17.6/findLastKey.d.ts": "5d062e613e7bc961c78399c7ac334ad64649506e197735744807ac1cde8295f9",
    "https://esm.sh/v96/@types/lodash-es@4.17.6/first.d.ts": "dcd992085af83ad27f122bb3374801b727e8da45be386e3b5b69d35cefbc93ad",
    "https://esm.sh/v96/@types/lodash-es@4.17.6/flatMap.d.ts": "deb621312c7800e994a037c1e13be934197cb680db27c03d6ed45a9d7a1681e8",
    "https://esm.sh/v96/@types/lodash-es@4.17.6/flatMapDeep.d.ts": "ef65a66d7a8ab51fdbbfb2d3213abfaa80e0a89d79fdc6ccdde0e737410379d0",
    "https://esm.sh/v96/@types/lodash-es@4.17.6/flatMapDepth.d.ts": "385119beb078120d9a462485e2254d8dbe39f015b1f52fcf896034487d0d6eb9",
    "https://esm.sh/v96/@types/lodash-es@4.17.6/flatten.d.ts": "004a26cf6ef0b8923fb3c1958daf29bd361e8ed2a293d91a32ccb277fc90c61c",
    "https://esm.sh/v96/@types/lodash-es@4.17.6/flattenDeep.d.ts": "468d4ccdcce7711fb604795e6f20c635a9be0bfaf4db5b476c9511c7676e1928",
    "https://esm.sh/v96/@types/lodash-es@4.17.6/flattenDepth.d.ts": "a474587189919401f5b7da8c17af0998ed95b451f5b7a560fde65d4ffb1c1bb0",
    "https://esm.sh/v96/@types/lodash-es@4.17.6/flip.d.ts": "bcae9893462bc34f61f5e20441ac8a42b7756962008fa38f3dcd8feb9d695048",
    "https://esm.sh/v96/@types/lodash-es@4.17.6/floor.d.ts": "cd7754510c67eed02045b481e7beda7687f062ae3342a0de4d8a051e49060f03",
    "https://esm.sh/v96/@types/lodash-es@4.17.6/flow.d.ts": "be1a456d8c07f0b95ba142800ac7828083bb3e25a7bb642095d5926780b93983",
    "https://esm.sh/v96/@types/lodash-es@4.17.6/flowRight.d.ts": "94589fdd08f4381f6d90265cdc513a8cdce48ba4309a098f5ea4884692930142",
    "https://esm.sh/v96/@types/lodash-es@4.17.6/forEach.d.ts": "0154ac13d166678a168705b1aad5fd07379af11bf3d6469d9a71e01fc36239f5",
    "https://esm.sh/v96/@types/lodash-es@4.17.6/forEachRight.d.ts": "2d3db9c641c23d7d9786aeeb0d91254e3227a665297998b6acb4ebcd2a378a29",
    "https://esm.sh/v96/@types/lodash-es@4.17.6/forIn.d.ts": "8adb3dea53556b049b6f9439e83ee60a1ac4032d7e7935646a7892a6eda98426",
    "https://esm.sh/v96/@types/lodash-es@4.17.6/forInRight.d.ts": "a0c83fd29c4db437750306edb6cb8c2cce9c8956d16b41636a5156e1030d8384",
    "https://esm.sh/v96/@types/lodash-es@4.17.6/forOwn.d.ts": "9be2e51b327e8694be4a7c4cb17b3c0546eab812fc533bdb99960aa0313c6dbc",
    "https://esm.sh/v96/@types/lodash-es@4.17.6/forOwnRight.d.ts": "689f9c2f6867b0f81939af575b7cf42e36dfe831a4cfdc168ae48b87c00471bd",
    "https://esm.sh/v96/@types/lodash-es@4.17.6/fromPairs.d.ts": "ef106cdbd4025b74fc183de736ad7ddd34d02c4a4bf157043eae75075ba5099e",
    "https://esm.sh/v96/@types/lodash-es@4.17.6/functions.d.ts": "5dafce853c83154a81894ede5028b2fc264907b169ce8804d7f5467bb6c2b9da",
    "https://esm.sh/v96/@types/lodash-es@4.17.6/functionsIn.d.ts": "a6004947a8072f2aa3756847f2e9d84a7f036391946092ea9b3b4143c000bca4",
    "https://esm.sh/v96/@types/lodash-es@4.17.6/get.d.ts": "58de2d747f873cc9108ea6c26984ffeae356c6592422fbc8905138486a9d3112",
    "https://esm.sh/v96/@types/lodash-es@4.17.6/groupBy.d.ts": "bd102b82f80aebe9dd3321cba8bfb7badaf9a3cea365eec96ed639ee490a8d77",
    "https://esm.sh/v96/@types/lodash-es@4.17.6/gt.d.ts": "1252598b4950cc6547da0c6fb8a8eb1cbe990643ce518c2220bb117e391d660f",
    "https://esm.sh/v96/@types/lodash-es@4.17.6/gte.d.ts": "600d3dd29cdfcbf42877d00d0da6eda04b64b1b3ed205af00280d41163139763",
    "https://esm.sh/v96/@types/lodash-es@4.17.6/has.d.ts": "15c8fe80645761c2509a82fbe9de248314e4d8806ebf01ef34b791230a7d671c",
    "https://esm.sh/v96/@types/lodash-es@4.17.6/hasIn.d.ts": "7e4391df412593868f3441492f09de1b9af617b0cb3e41a7b73b662bee1bf086",
    "https://esm.sh/v96/@types/lodash-es@4.17.6/head.d.ts": "2000ca87622b33bfe30ea19aa4db60c40cb3c9055aec24137a44fe07de36278e",
    "https://esm.sh/v96/@types/lodash-es@4.17.6/identity.d.ts": "c1342dae0153776c0b15f404bc6a91ae1e1bbad9dd51ea8fe148bd6e51ee8eb8",
    "https://esm.sh/v96/@types/lodash-es@4.17.6/inRange.d.ts": "9c48124d6b6d0aa164362c080cbfeb35706cccbb75d9cd0a78db2c2e2b549d22",
    "https://esm.sh/v96/@types/lodash-es@4.17.6/includes.d.ts": "97e010ce5f4d6d686305c93583d96ed2950b9946b8830a27b3259a7843bef0a2",
    "https://esm.sh/v96/@types/lodash-es@4.17.6/index.d.ts": "5cb8f715a2768fdc00500e4a5d9cb8f11e5da819ea56d9ba19e086be0504fad2",
    "https://esm.sh/v96/@types/lodash-es@4.17.6/indexOf.d.ts": "bc951c967bebbcd584fe02843db08c2bea8118795db2226bb70487a2ace7c7f0",
    "https://esm.sh/v96/@types/lodash-es@4.17.6/initial.d.ts": "5a642504d593e80749806db99dcd72ad66678b3d141c62064cbbbdef3659b5e1",
    "https://esm.sh/v96/@types/lodash-es@4.17.6/intersection.d.ts": "10da2335dba1aae7e865883547ed1cdc8095999b6ff42bdb8c213bf35e5bfc6d",
    "https://esm.sh/v96/@types/lodash-es@4.17.6/intersectionBy.d.ts": "273d243a788de1fcd9c1f1bbe6dbdead26067a6eac9574d5eaaa7e8202b07d71",
    "https://esm.sh/v96/@types/lodash-es@4.17.6/intersectionWith.d.ts": "09f72e2d9a685eff3f548fafb4bcc67a1366c7d6c537b1bdcdad284e2887b3ad",
    "https://esm.sh/v96/@types/lodash-es@4.17.6/invert.d.ts": "a93ad4b18081a98574a27fc5b6b8e23819e63f648cef4186277ca7eb25a1dee2",
    "https://esm.sh/v96/@types/lodash-es@4.17.6/invertBy.d.ts": "777cd95216232f8840e6e2df090640439ccaf32df960aa97e0edb4768b35b774",
    "https://esm.sh/v96/@types/lodash-es@4.17.6/invoke.d.ts": "1d0b1ee934fa156c7494125038455aeca51ef2785f80e8ea776da82cdafa2531",
    "https://esm.sh/v96/@types/lodash-es@4.17.6/invokeMap.d.ts": "7293c5b721f9e5180ab38a0ebe66c7772ce3a48671a628f1bfc9e5ce4cf31927",
    "https://esm.sh/v96/@types/lodash-es@4.17.6/isArguments.d.ts": "5b2f47a17bf99be3aa57f63f4046d6276292c617d7ed26eb5d0ddb31e4e38cb6",
    "https://esm.sh/v96/@types/lodash-es@4.17.6/isArray.d.ts": "c215093d806e6e5dadc11c6843d756860767377d96cd375ea0c1f776d0e06478",
    "https://esm.sh/v96/@types/lodash-es@4.17.6/isArrayBuffer.d.ts": "10a24797354d67500c8b949e2f7a3c10e9757dd4a0b534e5b519fb5daf4e16d0",
    "https://esm.sh/v96/@types/lodash-es@4.17.6/isArrayLike.d.ts": "1d4edf768d07c36f1c65fc26805f6e245edd41a1b4a5855b1443547b568be456",
    "https://esm.sh/v96/@types/lodash-es@4.17.6/isArrayLikeObject.d.ts": "346dec998e0b3f0506fcdb31d2bbbfbf7ddb319b23facc755562a77c7e998c61",
    "https://esm.sh/v96/@types/lodash-es@4.17.6/isBoolean.d.ts": "ac8d7324967eb786b0c819bf536ce2a0e91c33c35921633d4bfd4daafd669691",
    "https://esm.sh/v96/@types/lodash-es@4.17.6/isBuffer.d.ts": "b58dd82b31d2aa7d0984a1f0736e5dfc7fca92b9aacc077dda87d6bc15dd5e8a",
    "https://esm.sh/v96/@types/lodash-es@4.17.6/isDate.d.ts": "1f2e15ba5f49e86526b578bc0ad94db16ab2ef833abd297ee725d74706074fdd",
    "https://esm.sh/v96/@types/lodash-es@4.17.6/isElement.d.ts": "a9a9b897ec353da135d8eaef76dbc76a5d6e6db81bb3c8a5ed288f21357d086a",
    "https://esm.sh/v96/@types/lodash-es@4.17.6/isEmpty.d.ts": "5e65f3ed0c40dc4b2c266421f147c7ae17eeef712e846a06213456cb6262ddc6",
    "https://esm.sh/v96/@types/lodash-es@4.17.6/isEqual.d.ts": "cb8e06d54bea27d6cead662feaaa59e460a86f531ef9a5241ab970bc1f170110",
    "https://esm.sh/v96/@types/lodash-es@4.17.6/isEqualWith.d.ts": "d37575cd1ed91ec42a9549ccd0931b4ebde95949ccdd1be2dac4c6f52961c3fb",
    "https://esm.sh/v96/@types/lodash-es@4.17.6/isError.d.ts": "ddcc850f29e4520928cb2d28e3ba19d3d9f34e1c3a860cea1297b1bb2cc5fbc2",
    "https://esm.sh/v96/@types/lodash-es@4.17.6/isFinite.d.ts": "eaa533d34fca5b1fae601381fd5a7a12e104837749ada7216047096f827327fb",
    "https://esm.sh/v96/@types/lodash-es@4.17.6/isFunction.d.ts": "5f0acda83e3f2ef38cd7e5f995b72dcf2b6d54a8eb12e9df3129309613c50af6",
    "https://esm.sh/v96/@types/lodash-es@4.17.6/isInteger.d.ts": "1c168afb66681026274447c361a736f7d2682982209d288481c7b8f5f00ec353",
    "https://esm.sh/v96/@types/lodash-es@4.17.6/isLength.d.ts": "96f6eaacc1b6dab521cda40dd632f2b20e61693d53e88c43e33988656a6cd1e1",
    "https://esm.sh/v96/@types/lodash-es@4.17.6/isMap.d.ts": "0b03461c630c82ecac2f5af67b240b9e2c599235b516839502728507d4a41344",
    "https://esm.sh/v96/@types/lodash-es@4.17.6/isMatch.d.ts": "c76e699d9254a9692fdad516ec12e333666c26aaf485c65827a3bcae64761757",
    "https://esm.sh/v96/@types/lodash-es@4.17.6/isMatchWith.d.ts": "54fa4488f0de6d5ea08351f83b533c058f42756e45373d7f935dc2d585976dd2",
    "https://esm.sh/v96/@types/lodash-es@4.17.6/isNaN.d.ts": "7c346542209b599147b059886f51f0e82dc0967e90df1c4866347309a56a1559",
    "https://esm.sh/v96/@types/lodash-es@4.17.6/isNative.d.ts": "51c0219ba800605cbfcab8f4d77e28a3f97033129b1c200a3845fee534265cea",
    "https://esm.sh/v96/@types/lodash-es@4.17.6/isNil.d.ts": "284c4bb308ba5ae9fdd7a93c78688f92bf40637e4b12b11a5ffad8ab0e905c05",
    "https://esm.sh/v96/@types/lodash-es@4.17.6/isNull.d.ts": "91957f7f2eb2094dc617c7db4671aeee7f09a51aacf97807a3ea09fdef52e2cb",
    "https://esm.sh/v96/@types/lodash-es@4.17.6/isNumber.d.ts": "bd7ff02bdc41154d5cda4ff50d7cdc5b81c3f4b90cbd6ca5b3898e65dbc95876",
    "https://esm.sh/v96/@types/lodash-es@4.17.6/isObject.d.ts": "89b14472405ea8b818e69c6fe0059f8468b17ea96f62a993981319c7f41b1661",
    "https://esm.sh/v96/@types/lodash-es@4.17.6/isObjectLike.d.ts": "334bae122a015cbdbecff87b491a00b168fa7d61377d0b0c9f895cb1410473cd",
    "https://esm.sh/v96/@types/lodash-es@4.17.6/isPlainObject.d.ts": "70b455236e3e9ba7477c7771155d12a8070c50f122dffe771cde5a962520c73b",
    "https://esm.sh/v96/@types/lodash-es@4.17.6/isRegExp.d.ts": "0a994d324666cba7242a7afab8823f780109e5ae439ba0be10175c21f6af3106",
    "https://esm.sh/v96/@types/lodash-es@4.17.6/isSafeInteger.d.ts": "016efa5e197a0d32e56c8b979985a2dce63a2660daafd7b70d1b7f618ec40f11",
    "https://esm.sh/v96/@types/lodash-es@4.17.6/isSet.d.ts": "9c8db1531d06da6decbe8e7af1bd3818d8d6087d88688bb3dbda1e37b8e79f9b",
    "https://esm.sh/v96/@types/lodash-es@4.17.6/isString.d.ts": "bfed718131922b203a8d3dabbaad6edf0dcc82dd5489a977db39e460a7264f82",
    "https://esm.sh/v96/@types/lodash-es@4.17.6/isSymbol.d.ts": "6c78b0cd86f2d8a3e60768e8f942efe2b3e305c4ffc1f6d17ee1b011614fccee",
    "https://esm.sh/v96/@types/lodash-es@4.17.6/isTypedArray.d.ts": "f0858acb1fd1a3d64c2e5533e951f648925ec8aaf02b4cc647f2f902e3da9d99",
    "https://esm.sh/v96/@types/lodash-es@4.17.6/isUndefined.d.ts": "e60a8f1f368bcc48db633259a84c28bb71855b1116f15163e755a20b286b3f69",
    "https://esm.sh/v96/@types/lodash-es@4.17.6/isWeakMap.d.ts": "1890f51617c077cdbc03a7cc631187027cabed038d3b9b1e39f3b176b8e87213",
    "https://esm.sh/v96/@types/lodash-es@4.17.6/isWeakSet.d.ts": "58431eb390712aad17775e2cfb93627fe4f7fe4911ceb62a257e95ac947d7217",
    "https://esm.sh/v96/@types/lodash-es@4.17.6/iteratee.d.ts": "6564caa884627b44ccdad3f3e6a9cb7fc446e8657779d80625f7aa4c34b3f582",
    "https://esm.sh/v96/@types/lodash-es@4.17.6/join.d.ts": "4f3b6cfac8f7759cdbcde95ba22841bb6e90f93be35256d0324867c6d1bbd56d",
    "https://esm.sh/v96/@types/lodash-es@4.17.6/kebabCase.d.ts": "c51e575564f2594013e63769453834f667e9da92ac67336c494b14a9d83bf717",
    "https://esm.sh/v96/@types/lodash-es@4.17.6/keyBy.d.ts": "3c6a7a8bb23f672ad69e5b967177261829286ad945332f7f9b6bebe58c7ebd4a",
    "https://esm.sh/v96/@types/lodash-es@4.17.6/keys.d.ts": "333c4fd76fb736ba464c5ad2800507107c7c4de66cd7bd138b69595dee4a9a3f",
    "https://esm.sh/v96/@types/lodash-es@4.17.6/keysIn.d.ts": "1dd048a15267292769fe68b13c729782fbab7eb1b80cd4193bdb0e0a4cd041c4",
    "https://esm.sh/v96/@types/lodash-es@4.17.6/last.d.ts": "6d5ba7ce195e0b6e1f4fbf4296db7a6ef02ace84fb452408f0437d66a22356fd",
    "https://esm.sh/v96/@types/lodash-es@4.17.6/lastIndexOf.d.ts": "25202edc96e7d152af582267c8f105e0f66fcaefbf4fc5f68b652575498fd999",
    "https://esm.sh/v96/@types/lodash-es@4.17.6/lowerCase.d.ts": "a204ad74cfc0dbbb1f83261eaf249cddd1f3b3b623a5c2754c3738c8b9033065",
    "https://esm.sh/v96/@types/lodash-es@4.17.6/lowerFirst.d.ts": "bbde8fca7a9fe37221244d832c9dc242bd25eb21ba4cb86ba9457ebb9592386f",
    "https://esm.sh/v96/@types/lodash-es@4.17.6/lt.d.ts": "594e35005beb233c777a60a30fe82efa7be3b4c99a4e511c3bb173c5f29de636",
    "https://esm.sh/v96/@types/lodash-es@4.17.6/lte.d.ts": "73276831d19555fa7f1dd4b20e61de265cf75b8ae456cebd38f7c060a9f1aabb",
    "https://esm.sh/v96/@types/lodash-es@4.17.6/map.d.ts": "c255e80400d6823959276ea4b89c09f61604fb3b79a3bbb5ea0ae26bcc5d393f",
    "https://esm.sh/v96/@types/lodash-es@4.17.6/mapKeys.d.ts": "55adc8e32516dc48ba6299cb44564f1aea03341da999e610c949ec269a549225",
    "https://esm.sh/v96/@types/lodash-es@4.17.6/mapValues.d.ts": "44012540dfca5bb3cb456e3537c6a7f4f1d69bdf5272ca6d12e3377bfa9cf6d1",
    "https://esm.sh/v96/@types/lodash-es@4.17.6/matches.d.ts": "dd6722b4ec8ab231f142683af67154864c7b605601755eb0abbbd991d30ac143",
    "https://esm.sh/v96/@types/lodash-es@4.17.6/matchesProperty.d.ts": "be9953064b8b177097e86bee77e668b56376b56f8f7916afe00a035a83d9081e",
    "https://esm.sh/v96/@types/lodash-es@4.17.6/max.d.ts": "f7cce2ca16247b8b6882da2fc18835a472730b8480002a2d156bd56960d6deee",
    "https://esm.sh/v96/@types/lodash-es@4.17.6/maxBy.d.ts": "438d77c9cf177eba724571011f1759c590042e437afbf73165e44f6ea09899a0",
    "https://esm.sh/v96/@types/lodash-es@4.17.6/mean.d.ts": "1359758948967a55e865fa89d5616e5bc1d12a00f4909abef24648f279acfe39",
    "https://esm.sh/v96/@types/lodash-es@4.17.6/meanBy.d.ts": "bdc2a7a26537bc314426a643f7feeec1768a8a1034c491d6a6e64d34cdadeb94",
    "https://esm.sh/v96/@types/lodash-es@4.17.6/memoize.d.ts": "4002cad002d048e2e7542b38c4d641b94b9047f6f071fd9ff8cee02230440ba6",
    "https://esm.sh/v96/@types/lodash-es@4.17.6/merge.d.ts": "85ee63dc466891b7cf83b63ef525b423f741cbb95e7869ece17528f5f4e70686",
    "https://esm.sh/v96/@types/lodash-es@4.17.6/mergeWith.d.ts": "4b42d237622141d631990895a2bf6405957fde57767785bedcfc144bef3d2d98",
    "https://esm.sh/v96/@types/lodash-es@4.17.6/method.d.ts": "481e1713c05829e9862e0fb1a0f6c0095f6c8dbe632bcf289b6f6a20261414bc",
    "https://esm.sh/v96/@types/lodash-es@4.17.6/methodOf.d.ts": "cc904a589f4f8ba620e6ce71ac499130b2bd9207dcb74a86333acd666148797b",
    "https://esm.sh/v96/@types/lodash-es@4.17.6/min.d.ts": "a344391b1d2ca08e651965a2415387601ee580255746f062c2ebcd905937d232",
    "https://esm.sh/v96/@types/lodash-es@4.17.6/minBy.d.ts": "025add22a39fd49bb436d84a663875d67a2b906ac42833630ef8be2e85235582",
    "https://esm.sh/v96/@types/lodash-es@4.17.6/mixin.d.ts": "c454bc4d67d2c15ad45b81a5adeba2a70482210c2d72860e9dd54f7817420df8",
    "https://esm.sh/v96/@types/lodash-es@4.17.6/multiply.d.ts": "68525f5809a0ebb80ef012aa42b301a58c9409e2b4db410f04c3a11785d94aeb",
    "https://esm.sh/v96/@types/lodash-es@4.17.6/negate.d.ts": "bc45e3b3e22f8490221d2f531bda58fec7134a00e4fd9e5a999f87aaf34300e5",
    "https://esm.sh/v96/@types/lodash-es@4.17.6/noop.d.ts": "494163ce49cc066f18e0580d06180441b46b3f43cdabb396a341e12aff7929e3",
    "https://esm.sh/v96/@types/lodash-es@4.17.6/now.d.ts": "ce6f661decd4512f540785d4fc7caa2006f4298ddf0fa67550af4e192ff8f205",
    "https://esm.sh/v96/@types/lodash-es@4.17.6/nth.d.ts": "1281af366c4f5b8bbef61715f33f22c9dc227189fbdec5de3aea6366ddf2c93c",
    "https://esm.sh/v96/@types/lodash-es@4.17.6/nthArg.d.ts": "07233bc2cfa5ba31f0047cf9319f0ee227c996d9804d54163bb47e1818a4cd16",
    "https://esm.sh/v96/@types/lodash-es@4.17.6/omit.d.ts": "ef80f67dce7426257944158a32fea1a7c22e33e158a418c14988457006744d8a",
    "https://esm.sh/v96/@types/lodash-es@4.17.6/omitBy.d.ts": "482fc5643b0c7481f09e5aec87306b74673826d2bf79f24888eb0755c74b51b9",
    "https://esm.sh/v96/@types/lodash-es@4.17.6/once.d.ts": "b58ebd6aeb46d89b3dffe7ea458b593b7a8988c75155cff14265fd4c9e053796",
    "https://esm.sh/v96/@types/lodash-es@4.17.6/orderBy.d.ts": "81f526f1a63064c28e90dcd3fb1ab8b51d036703c4ba99e13735297fc350e780",
    "https://esm.sh/v96/@types/lodash-es@4.17.6/over.d.ts": "07f847ffd8bbace90e15809e2b07f0a49c60638c484601a4647fcc195c616e4b",
    "https://esm.sh/v96/@types/lodash-es@4.17.6/overArgs.d.ts": "20d733ba99a0e1410d1129aa9a126d7b080729b8e825c356f4dd7ed531dcc9cf",
    "https://esm.sh/v96/@types/lodash-es@4.17.6/overEvery.d.ts": "f6d5e6b0040c07aaa4dc82766456955a49b83579bc196850eda01ef3c7f52324",
    "https://esm.sh/v96/@types/lodash-es@4.17.6/overSome.d.ts": "29b9b0813ac37b2fe0bcf48e0ad88620be98e6d94fe785b8e0ec5e4a63238561",
    "https://esm.sh/v96/@types/lodash-es@4.17.6/pad.d.ts": "d684339741f806186e99c68549b208110a0af0dc266dabea76ca9784d2464a0f",
    "https://esm.sh/v96/@types/lodash-es@4.17.6/padEnd.d.ts": "a78abbce47b0d91633f7b04732e87842109062fcc042dbf74b1f9118fe36499e",
    "https://esm.sh/v96/@types/lodash-es@4.17.6/padStart.d.ts": "83cf93a2ad3c2139a8132c16b6dc62b37fa686edb80175a201d13bcc6f862338",
    "https://esm.sh/v96/@types/lodash-es@4.17.6/parseInt.d.ts": "2b33ea388690dcb71dc55fa152b1a2c200e63d61faff7aaf9e8ace3a4d464b6e",
    "https://esm.sh/v96/@types/lodash-es@4.17.6/partial.d.ts": "5e007968fbbf7c3a54ea004304f7592b2baba9014eb4ebe7754aaed835d0d5fe",
    "https://esm.sh/v96/@types/lodash-es@4.17.6/partialRight.d.ts": "e45bf7265c762031383c207bf9a3b60e38f4ccc03ea0498e564b03a4e6248b2f",
    "https://esm.sh/v96/@types/lodash-es@4.17.6/partition.d.ts": "0b9782784b67b9789c8d3ed74683763ddcb13ddc14c61f1fc9feeb5e15ae54d6",
    "https://esm.sh/v96/@types/lodash-es@4.17.6/pick.d.ts": "7c5c5e0733fb01b6f3c04dcbfb0920568ddf5031668a6804cd2cdc863c67a47f",
    "https://esm.sh/v96/@types/lodash-es@4.17.6/pickBy.d.ts": "39274b00ebebb9b444f70450651ddb33dfc14e2666aef152b00b2ba1dc066973",
    "https://esm.sh/v96/@types/lodash-es@4.17.6/property.d.ts": "17bf9f57d1f2808af20dd2f7762a46a17ae62fa10b6451ba15b77109dcdd1fa3",
    "https://esm.sh/v96/@types/lodash-es@4.17.6/propertyOf.d.ts": "7f899f0b1a0b849cbebeb4a8a6171cd87f073c59b023704827caf265a5717aec",
    "https://esm.sh/v96/@types/lodash-es@4.17.6/pull.d.ts": "7745c680f1af4b0dc2d63ef317d88c9fbe3cf74b0368033d6f3e1fc91760ead8",
    "https://esm.sh/v96/@types/lodash-es@4.17.6/pullAll.d.ts": "a6cdfd74381b2139be6a21b569b90ad318ed3f7c4c8305cbe7b814cd04eb622a",
    "https://esm.sh/v96/@types/lodash-es@4.17.6/pullAllBy.d.ts": "5a5c84c5c1013888aff6ba7cf6d35d82e77a414283e8c56215df0ddfb051e6f0",
    "https://esm.sh/v96/@types/lodash-es@4.17.6/pullAllWith.d.ts": "9ce3acc7c20455b6d571ed22b152589648cdf61b2ad266ab8bbe05f4cd8284a7",
    "https://esm.sh/v96/@types/lodash-es@4.17.6/pullAt.d.ts": "b15b00d84c094646b2498321ac7a21422283488363fb6901c4720e9abad49a89",
    "https://esm.sh/v96/@types/lodash-es@4.17.6/random.d.ts": "5bdc345fec048222f29c0c697b1e7a499afe6834b7a01d9d629e08959940fac6",
    "https://esm.sh/v96/@types/lodash-es@4.17.6/range.d.ts": "2d26862482c2f8e3a489bb02b4768a0f04f35e38637213377b7ed57b67d633a5",
    "https://esm.sh/v96/@types/lodash-es@4.17.6/rangeRight.d.ts": "38ed357a2cfd3555660f5329fb8c61a8ef2b83f5b10f5f1ef81b8ee91dd6c412",
    "https://esm.sh/v96/@types/lodash-es@4.17.6/rearg.d.ts": "911204c4df8f07da92eeef781b358272bf63fec06a35ea44c04b0d88d6508bbb",
    "https://esm.sh/v96/@types/lodash-es@4.17.6/reduce.d.ts": "276d77d644fa0365756cf21112f39ea8a726bb0634892b55c92f10ab79d80019",
    "https://esm.sh/v96/@types/lodash-es@4.17.6/reduceRight.d.ts": "31c0f2e8dce4e058539b243b606903de87c08b1bba0f20e9694bba956c85205a",
    "https://esm.sh/v96/@types/lodash-es@4.17.6/reject.d.ts": "0955436e90a8c2b8630b72f853bed62eedcda039c60987d175330b5bcca33d69",
    "https://esm.sh/v96/@types/lodash-es@4.17.6/remove.d.ts": "3022fbf8eaac1dfe877afa81de4dc76ee5566b13298cf91906831ac3ccbbad5c",
    "https://esm.sh/v96/@types/lodash-es@4.17.6/repeat.d.ts": "6fbcf67c9087942035f60a0246f162e6c927786a982ee268f765bf6c77440146",
    "https://esm.sh/v96/@types/lodash-es@4.17.6/replace.d.ts": "d0f9f5d19c8de362a2ea8c267ff1125781b7b0e791fcd3c008cd55bdd1b30a3a",
    "https://esm.sh/v96/@types/lodash-es@4.17.6/rest.d.ts": "182214164c2382ce1c0193c0bfa632e163b5f3a46ce4ef9a44ecacc1a963309e",
    "https://esm.sh/v96/@types/lodash-es@4.17.6/result.d.ts": "f40a47c54fd4129306464784ba7404fac41f99f8a88ba96a4cbe810fb1da62ec",
    "https://esm.sh/v96/@types/lodash-es@4.17.6/reverse.d.ts": "11a19362bb7697d51430c6cd870e9ae28d40f5e17cbfb128b8f7c89fc25979fd",
    "https://esm.sh/v96/@types/lodash-es@4.17.6/round.d.ts": "2cd83a4b40125f9c708d41fa683a0b3388dc1467906e6642450012757d41c2fb",
    "https://esm.sh/v96/@types/lodash-es@4.17.6/sample.d.ts": "dd436ba413f0600c0946b7e4f3cbe2c2b22462d349de0fd7c6ef661e3d55927a",
    "https://esm.sh/v96/@types/lodash-es@4.17.6/sampleSize.d.ts": "830697432d4a2ad61427c5a5005d47d0fd287eabe064e6b4edb9b82081458acc",
    "https://esm.sh/v96/@types/lodash-es@4.17.6/set.d.ts": "a10f5e8378e05eea2a4fcbce1b7cde5ce00df1a661d65d9c746f7f5ce1cff536",
    "https://esm.sh/v96/@types/lodash-es@4.17.6/setWith.d.ts": "a441ea2362897c36c53ab07f69119428cc4ee34203259620193174f90bb08571",
    "https://esm.sh/v96/@types/lodash-es@4.17.6/shuffle.d.ts": "9e1a4b0372795edaa8b508b83d6e11e14ed60e234e6bbc3c08dc8486e795de36",
    "https://esm.sh/v96/@types/lodash-es@4.17.6/size.d.ts": "2d8ed017760070bce16deaec0bd216492f3f8e6fb41a67f702d7a8f7d390c92b",
    "https://esm.sh/v96/@types/lodash-es@4.17.6/slice.d.ts": "c60aac6c66f668135a9f89f460d306ff3ad38a6548f81d4e0bdcd2aa280ba702",
    "https://esm.sh/v96/@types/lodash-es@4.17.6/snakeCase.d.ts": "b9a3ca967b2a8fac2a6b791829b180e7bf5acc8e3aa6772fa1e8dda45a016b56",
    "https://esm.sh/v96/@types/lodash-es@4.17.6/some.d.ts": "7fdd3563531d617528915c10ec4170e1906f84d39ba8deaf55a9225c81070cda",
    "https://esm.sh/v96/@types/lodash-es@4.17.6/sortBy.d.ts": "eb9caca2d514839c8ad5dd2a8f81a5a1db61255a4d7273a4d275f631ceeb7624",
    "https://esm.sh/v96/@types/lodash-es@4.17.6/sortedIndex.d.ts": "332e5a3f744c53b4e68ce1cad9b98ea9917b621b01a13abd284c1e06b7248637",
    "https://esm.sh/v96/@types/lodash-es@4.17.6/sortedIndexBy.d.ts": "d597a8976ed0b719b1c498b59af0a8feb9f1b57ebd060ea4dd557135224098f3",
    "https://esm.sh/v96/@types/lodash-es@4.17.6/sortedIndexOf.d.ts": "345954ee2d677b44bd0db17a62c644ff5ff4eef91c74ce803f4390ef2c518c58",
    "https://esm.sh/v96/@types/lodash-es@4.17.6/sortedLastIndex.d.ts": "56bbcb088fd635e7d457b515929e4e91371f5b48cf987ffc76c4b5194960827e",
    "https://esm.sh/v96/@types/lodash-es@4.17.6/sortedLastIndexBy.d.ts": "127b367ddba27726a0c7c5d00fe8409e28541cdc9da1afc30b3368a024122457",
    "https://esm.sh/v96/@types/lodash-es@4.17.6/sortedLastIndexOf.d.ts": "5a97f93543f1494f8659d6b8a4b160ef851575ce3fcbff0e61db60b939019d05",
    "https://esm.sh/v96/@types/lodash-es@4.17.6/sortedUniq.d.ts": "554403a73927e9350ecb502b5ef0c518799f93f9442d303a89292aed2bae12a3",
    "https://esm.sh/v96/@types/lodash-es@4.17.6/sortedUniqBy.d.ts": "c86398beae836c67f1aaae3f457eb211b7f947ed8ab1741dc89baa64647221b6",
    "https://esm.sh/v96/@types/lodash-es@4.17.6/split.d.ts": "fec89ed0e0ce61dccd6209f449261630efd869e5fe0e617527d7d64e585d32ee",
    "https://esm.sh/v96/@types/lodash-es@4.17.6/spread.d.ts": "fa523de13f7a21b0e82e50ef68519ee35895f4dc25327b957931fbc2cc70e378",
    "https://esm.sh/v96/@types/lodash-es@4.17.6/startCase.d.ts": "73bcc2f896bed84ed4941e230071ab707ced972e29183f699f29ca312e9ec2cf",
    "https://esm.sh/v96/@types/lodash-es@4.17.6/startsWith.d.ts": "f5d185fa038f9e35e60ab30af883cedf842035b136ce460f7b45963e7ef010dd",
    "https://esm.sh/v96/@types/lodash-es@4.17.6/stubArray.d.ts": "ff39008b4c91b01c66e3a416232e8137351b5d9b5791ea0a9dd0a7cf4799f5e7",
    "https://esm.sh/v96/@types/lodash-es@4.17.6/stubFalse.d.ts": "2f204472a1311c08a782ae2133ca6e983c6418d55d568a26e61d4d6b0c3aa355",
    "https://esm.sh/v96/@types/lodash-es@4.17.6/stubObject.d.ts": "bb26604069f9949e285db5ee046d5c18967d6fc9bd125d821c1a3c037c048cae",
    "https://esm.sh/v96/@types/lodash-es@4.17.6/stubString.d.ts": "07ca45afb4d1d5b7f22e72a9fd19ff6b3bf9081b2e4bc8536242ec244056c92e",
    "https://esm.sh/v96/@types/lodash-es@4.17.6/stubTrue.d.ts": "ac1b53866218b3650aa8725bfee4509406457306be6650209982cf897e1bdc26",
    "https://esm.sh/v96/@types/lodash-es@4.17.6/subtract.d.ts": "36f6e7e2e00255b6d3a969e5c4567e78c8950a15989321d36a8aa0ca5d70af58",
    "https://esm.sh/v96/@types/lodash-es@4.17.6/sum.d.ts": "d295d336ebd28ccce2f1962a9ad8b2a317638c505442848fc0335783da83f6c9",
    "https://esm.sh/v96/@types/lodash-es@4.17.6/sumBy.d.ts": "13f43abe0137417465e82352a79623b38d765f5f6f1060e7ea22698e2f18605a",
    "https://esm.sh/v96/@types/lodash-es@4.17.6/tail.d.ts": "a948598df8a28be4542ad09823e63fbf87aba6d42b68bafed52ef59814bea786",
    "https://esm.sh/v96/@types/lodash-es@4.17.6/take.d.ts": "42ea1ab4432af523d91df2b097c8337c17110a571ebe57ffe47a2ab734ed77f9",
    "https://esm.sh/v96/@types/lodash-es@4.17.6/takeRight.d.ts": "3f2bd293359728df1743c03d666924e1b8bee32dd7d5f38608795a64fe75f7ac",
    "https://esm.sh/v96/@types/lodash-es@4.17.6/takeRightWhile.d.ts": "e430934621ec364912c23dbab1c9e75f2ac14b980f618c7419c81cad55da9555",
    "https://esm.sh/v96/@types/lodash-es@4.17.6/takeWhile.d.ts": "9479de681082ad8fccddeae325afa57213cff0e06dc6732274eef048c07e3b50",
    "https://esm.sh/v96/@types/lodash-es@4.17.6/tap.d.ts": "a83e5d49b24b87273b7b1ef21200f797d37ce26bfcae97061e2f4163ca3edc5f",
    "https://esm.sh/v96/@types/lodash-es@4.17.6/template.d.ts": "a043832b3c667f065d3580ed144f7a35dd7f2a53037a34c53de49287d6415a08",
    "https://esm.sh/v96/@types/lodash-es@4.17.6/templateSettings.d.ts": "00914dc7d3e2251b486041fcb7c2192b13e54fcc493b5f9cef280d397e52ad18",
    "https://esm.sh/v96/@types/lodash-es@4.17.6/throttle.d.ts": "3d2d64b71a806d70b6cc6f20cca45a49851b49417ad1b07b2743b289f52b7e2e",
    "https://esm.sh/v96/@types/lodash-es@4.17.6/times.d.ts": "5998cc4419a139b0c8d3125859af3434e8c48429e0cb7a22fc4ee20ece7f3899",
    "https://esm.sh/v96/@types/lodash-es@4.17.6/toArray.d.ts": "e9ce7d66600c28b39bc76da927b9327f7050e04fcb91b561c525dbe9746adf4f",
    "https://esm.sh/v96/@types/lodash-es@4.17.6/toFinite.d.ts": "591cf2dfa9eee83a4dc60f203d81c9949b027794bd8673646260d2c4bdbe047d",
    "https://esm.sh/v96/@types/lodash-es@4.17.6/toInteger.d.ts": "beee029b77aa96f00aa15b6d56a1cedb59cf519d883c7eedbd03773c795fcef0",
    "https://esm.sh/v96/@types/lodash-es@4.17.6/toLength.d.ts": "0a387425043e007ecbb3f01fa04d9a4e25b4d08ab39827c28ddc28edf2fec2e1",
    "https://esm.sh/v96/@types/lodash-es@4.17.6/toLower.d.ts": "4ec1e0916faf1427ba315e586552a8f8c607e0499ccccbbe9033959dbb75d24d",
    "https://esm.sh/v96/@types/lodash-es@4.17.6/toNumber.d.ts": "bedb51efb7635114ac189c033970f3bd88340999034ecf7690c5b1e553c517b1",
    "https://esm.sh/v96/@types/lodash-es@4.17.6/toPairs.d.ts": "b8d2ef18036fd03a573ef80acc0d1af63ed9bbde1b47aef7afaf402a5639ee91",
    "https://esm.sh/v96/@types/lodash-es@4.17.6/toPairsIn.d.ts": "74d4002b54c0b0d3a8085cbc29dca5311ae2dde67af5777cefa283cfc7e9343b",
    "https://esm.sh/v96/@types/lodash-es@4.17.6/toPath.d.ts": "fd33b2fbf1145f354d9ae20e53f64105318268060d21017c3720819b742ad03d",
    "https://esm.sh/v96/@types/lodash-es@4.17.6/toPlainObject.d.ts": "8535c7d2e6a5ba5dfc278d7f01ea490f2ea6c1259b7e2ec5c1198ccd2e8774f9",
    "https://esm.sh/v96/@types/lodash-es@4.17.6/toSafeInteger.d.ts": "0aa466eb7a6dc9c907d522b147d4091a45181687810657a93985fd59fac5e626",
    "https://esm.sh/v96/@types/lodash-es@4.17.6/toString.d.ts": "9a42b465b61725103ae5fb3682235fd3a0dee9675a48a4fed709af23043d1866",
    "https://esm.sh/v96/@types/lodash-es@4.17.6/toUpper.d.ts": "8bb9286785f4ef5dc0d18ed95764dc4e1c2d4d8f3d92cd4ee51ca9d6ad20e7f9",
    "https://esm.sh/v96/@types/lodash-es@4.17.6/transform.d.ts": "4b211a6e4539705434563f7d36b07a75c8aef2a09a91bfa6d852cf1ef09c10ef",
    "https://esm.sh/v96/@types/lodash-es@4.17.6/trim.d.ts": "8985fa9835c02039de7e5aeeee1670a9036a8873cc694bb5253cc4447ba8ae68",
    "https://esm.sh/v96/@types/lodash-es@4.17.6/trimEnd.d.ts": "3653f4c68c754dbfb7e04ab83b2fb03925af394bcf47a7e6ce12b72ed3a1ef73",
    "https://esm.sh/v96/@types/lodash-es@4.17.6/trimStart.d.ts": "7ab17acd71b6c8d612007131204250ab83c2a7cade627f0d4e4218280d35760a",
    "https://esm.sh/v96/@types/lodash-es@4.17.6/truncate.d.ts": "fbc891f03876882a730838fa2de2e6319f21ce19e07eb5dfe0e903dfe544b666",
    "https://esm.sh/v96/@types/lodash-es@4.17.6/unary.d.ts": "e008949024c20987bda1f3db1ceeccd78a20f72aea0d7ea89f9d420236888a51",
    "https://esm.sh/v96/@types/lodash-es@4.17.6/unescape.d.ts": "5bb2bef64b9bf973918c9c8c809c672ca34a999d3a638d378b40e5ae642544b3",
    "https://esm.sh/v96/@types/lodash-es@4.17.6/union.d.ts": "866090fd19c92e7e00c124dc08df82fa56cb80aa1c2875e47d1d4f16ac2c74f4",
    "https://esm.sh/v96/@types/lodash-es@4.17.6/unionBy.d.ts": "e30c001d6813188f44f2d714401cf318882ad1ff14a14ff3766496f999d70021",
    "https://esm.sh/v96/@types/lodash-es@4.17.6/unionWith.d.ts": "35265fc875bfc161d5ba0f49669eaa48b60c458fb90c4813af9a03a6b0335f54",
    "https://esm.sh/v96/@types/lodash-es@4.17.6/uniq.d.ts": "4abfc5af6f7d149b0aedf6669874b0191d4b1c5b834ea55aca5b783802856a35",
    "https://esm.sh/v96/@types/lodash-es@4.17.6/uniqBy.d.ts": "837eaa862d2abc0fde2c2eca4f0c4d104a8cc69ef1e0b4ea627f8259b7fa9190",
    "https://esm.sh/v96/@types/lodash-es@4.17.6/uniqWith.d.ts": "5210621b1a79b538f2b8c04a139051e96c7e5c0c4939a9d817c419e7ed4902c7",
    "https://esm.sh/v96/@types/lodash-es@4.17.6/uniqueId.d.ts": "4fd06e2fb692fbcebf624c8bc51039cffc15a30af2e7c78fac929d417e334901",
    "https://esm.sh/v96/@types/lodash-es@4.17.6/unset.d.ts": "0b43c3ed130ce4bda2b7b9082b69f56434c9a9f06057d28e017acd9aa0e9ec8f",
    "https://esm.sh/v96/@types/lodash-es@4.17.6/unzip.d.ts": "f03d2eb62bf7c485b124eed46f7721d215f034495fc8d767c8b0bd0ebfc755d3",
    "https://esm.sh/v96/@types/lodash-es@4.17.6/unzipWith.d.ts": "1735bca6c442f9b92bc0a2eae4fef1b0fc704a78612a9b1dfa7c7fe1e50eed65",
    "https://esm.sh/v96/@types/lodash-es@4.17.6/update.d.ts": "a8d116a00c6bbeb1bd2e182465a43a5e9000099e4112d854fa933f0a961dafd0",
    "https://esm.sh/v96/@types/lodash-es@4.17.6/updateWith.d.ts": "bb611cc5bce6fd5b40644696ed8e86ffa18ec7e50887451584f5776ab14d68d6",
    "https://esm.sh/v96/@types/lodash-es@4.17.6/upperCase.d.ts": "9790673ff25d38a178f45247b38d265cee8b806f489e9a92d64e44f7685064ac",
    "https://esm.sh/v96/@types/lodash-es@4.17.6/upperFirst.d.ts": "2a059df903ac29fd63d4146b3f26ece974e118223196e1abe3b54d2254203893",
    "https://esm.sh/v96/@types/lodash-es@4.17.6/values.d.ts": "9a37f28c798a9e1356030d6282927c5d641cafdb4483f07c4b248757737afe31",
    "https://esm.sh/v96/@types/lodash-es@4.17.6/valuesIn.d.ts": "31aceb32416316588eb153a736a42e494a7b8ef9e2cc6e1d41f9f9550d0da3b0",
    "https://esm.sh/v96/@types/lodash-es@4.17.6/without.d.ts": "e597c7eb189761c4ccae39085ad423bceb9ff89b067d30007d66d8a697aa7be9",
    "https://esm.sh/v96/@types/lodash-es@4.17.6/words.d.ts": "47949a27988917cb1567eb16d886ee98c7fb60f900bdb3294afeda53364de0aa",
    "https://esm.sh/v96/@types/lodash-es@4.17.6/wrap.d.ts": "d22b83c30b55a0c2f2514b978424ddd01935852c5fea2442f9314fb51d1389fd",
    "https://esm.sh/v96/@types/lodash-es@4.17.6/xor.d.ts": "57af8ae612047c20f2463623efa76294a07882b931ad851ba8efc89c6bc6597f",
    "https://esm.sh/v96/@types/lodash-es@4.17.6/xorBy.d.ts": "7fa4d197515f52e413228241b54bc2cbeef57bea151c751fa15c6fdfa6b45249",
    "https://esm.sh/v96/@types/lodash-es@4.17.6/xorWith.d.ts": "8b1128d9b3bd75cdce23e93bb6105532cfb7b45ef1d0d4b2c6498dda94277b36",
    "https://esm.sh/v96/@types/lodash-es@4.17.6/zip.d.ts": "df09a4ea32bfbf4111845631f0eee83ac907ef62220237777f7f94f5b557e6c3",
    "https://esm.sh/v96/@types/lodash-es@4.17.6/zipObject.d.ts": "87b67fca15aaf64a61921bbe12172ce38ae041ad12330e9b50c494b5cc7a0a5d",
    "https://esm.sh/v96/@types/lodash-es@4.17.6/zipObjectDeep.d.ts": "1c51aadfc82bf0d53e1f015e2768b9ec3119b8a1fd72a0763a6497bccf8258cb",
    "https://esm.sh/v96/@types/lodash-es@4.17.6/zipWith.d.ts": "9f08ea4d55109b87fb1ec350c21e480724c350a1bbc26a41a970245159557052",
    "https://esm.sh/v96/@types/lodash@4.14.186/common/array.d.ts": "fe4a2042d087990ebfc7dc0142d5aaf5a152e4baea86b45f283f103ec1e871ea",
    "https://esm.sh/v96/@types/lodash@4.14.186/common/collection.d.ts": "d70c026dd2eeaa974f430ea229230a1897fdb897dc74659deebe2afd4feeb08f",
    "https://esm.sh/v96/@types/lodash@4.14.186/common/common.d.ts": "675e702f2032766a91eeadee64f51014c64688525da99dccd8178f0c599f13a8",
    "https://esm.sh/v96/@types/lodash@4.14.186/common/date.d.ts": "187119ff4f9553676a884e296089e131e8cc01691c546273b1d0089c3533ce42",
    "https://esm.sh/v96/@types/lodash@4.14.186/common/function.d.ts": "febf0b2de54781102b00f61653b21377390a048fbf5262718c91860d11ff34a6",
    "https://esm.sh/v96/@types/lodash@4.14.186/common/lang.d.ts": "98f9d826db9cd99d27a01a59ee5f22863df00ccf1aaf43e1d7db80ebf716f7c3",
    "https://esm.sh/v96/@types/lodash@4.14.186/common/math.d.ts": "0aaef8cded245bf5036a7a40b65622dd6c4da71f7a35343112edbe112b348a1e",
    "https://esm.sh/v96/@types/lodash@4.14.186/common/number.d.ts": "00baffbe8a2f2e4875367479489b5d43b5fc1429ecb4a4cc98cfc3009095f52a",
    "https://esm.sh/v96/@types/lodash@4.14.186/common/object.d.ts": "7a79ca84e4370ed2e1afaa99ff7d25194901916b7672e977d16f77af3b71342f",
    "https://esm.sh/v96/@types/lodash@4.14.186/common/seq.d.ts": "3c92b6dfd43cc1c2485d9eba5ff0b74a19bb8725b692773ef1d66dac48cda4bd",
    "https://esm.sh/v96/@types/lodash@4.14.186/common/string.d.ts": "3cf0d343c2276842a5b617f22ba82af6322c7cfe8bb52238ffc0c491a3c21019",
    "https://esm.sh/v96/@types/lodash@4.14.186/common/util.d.ts": "df996e25faa505f85aeb294d15ebe61b399cf1d1e49959cdfaf2cc0815c203f9",
    "https://esm.sh/v96/@types/lodash@4.14.186/index.d.ts": "f2eff8704452659641164876c1ef0df4174659ce7311b0665798ea3f556fa9ad",
    "https://esm.sh/v96/lodash-es@4.17.21": "f17c6eec40c8d45aa813f818344c6e4311b7da5de7834e673f931a73fe8d7f3c",
    "https://esm.sh/v96/lodash-es@4.17.21/deno/lodash-es.js": "047c4a679655c8d07002ffa579c4eef049e4311866558ab745e9d3e671c6f857"
  }
}
